
Microsoft Visual Studio Solution File, Format Version 12.00
# Visual Studio Version 17
VisualStudioVersion = 17.5.33530.505
MinimumVisualStudioVersion = 10.0.40219.1
Project("{FAE04EC0-301F-11D3-BF4B-00C04F79EFBC}") = "fatorial", "fatorial\fatorial.csproj", "{B6B0BF41-04E1-4139-AFFF-C0C11056CCE3}"
EndProject
Global
	GlobalSection(SolutionConfigurationPlatforms) = preSolution
		Debug|Any CPU = Debug|Any CPU
		Release|Any CPU = Release|Any CPU
	EndGlobalSection
	GlobalSection(ProjectConfigurationPlatforms) = postSolution
		{B6B0BF41-04E1-4139-AFFF-C0C11056CCE3}.Debug|Any CPU.ActiveCfg = Debug|Any CPU
		{B6B0BF41-04E1-4139-AFFF-C0C11056CCE3}.Debug|Any CPU.Build.0 = Debug|Any CPU
		{B6B0BF41-04E1-4139-AFFF-C0C11056CCE3}.Release|Any CPU.ActiveCfg = Release|Any CPU
		{B6B0BF41-04E1-4139-AFFF-C0C11056CCE3}.Release|Any CPU.Build.0 = Release|Any CPU
	EndGlobalSection
	GlobalSection(SolutionProperties) = preSolution
		HideSolutionNode = FALSE
	EndGlobalSection
	GlobalSection(ExtensibilityGlobals) = postSolution
		SolutionGuid = {528E72C3-F6FC-4AF3-9E4B-550406BF652E}
	EndGlobalSection
EndGlobal
