
Microsoft Visual Studio Solution File, Format Version 12.00
# Visual Studio Version 17
VisualStudioVersion = 17.5.33530.505
MinimumVisualStudioVersion = 10.0.40219.1
Project("{FAE04EC0-301F-11D3-BF4B-00C04F79EFBC}") = "bytebank_ADM", "bytebank_ADM\bytebank_ADM.csproj", "{045677A5-C91B-4A73-9728-BC0D1040CA73}"
EndProject
Global
	GlobalSection(SolutionConfigurationPlatforms) = preSolution
		Debug|Any CPU = Debug|Any CPU
		Release|Any CPU = Release|Any CPU
	EndGlobalSection
	GlobalSection(ProjectConfigurationPlatforms) = postSolution
		{045677A5-C91B-4A73-9728-BC0D1040CA73}.Debug|Any CPU.ActiveCfg = Debug|Any CPU
		{045677A5-C91B-4A73-9728-BC0D1040CA73}.Debug|Any CPU.Build.0 = Debug|Any CPU
		{045677A5-C91B-4A73-9728-BC0D1040CA73}.Release|Any CPU.ActiveCfg = Release|Any CPU
		{045677A5-C91B-4A73-9728-BC0D1040CA73}.Release|Any CPU.Build.0 = Release|Any CPU
	EndGlobalSection
	GlobalSection(SolutionProperties) = preSolution
		HideSolutionNode = FALSE
	EndGlobalSection
	GlobalSection(ExtensibilityGlobals) = postSolution
		SolutionGuid = {5B510454-ECA7-4B93-9555-91DD3F44AAC4}
	EndGlobalSection
EndGlobal
